// !$*UTF8*$!
{
	archiveVersion = 1;
	classes = {
	};
	objectVersion = 56;
	objects = {

/* Begin PBXBuildFile section */
		1CF336E22AFBC8070072C686 /* AppDelegate.swift in Sources */ = {isa = PBXBuildFile; fileRef = 1CF336E12AFBC8070072C686 /* AppDelegate.swift */; };
		1CF336E42AFBC8070072C686 /* SceneDelegate.swift in Sources */ = {isa = PBXBuildFile; fileRef = 1CF336E32AFBC8070072C686 /* SceneDelegate.swift */; };
		1CF336E62AFBC8070072C686 /* RMTabBarController.swift in Sources */ = {isa = PBXBuildFile; fileRef = 1CF336E52AFBC8070072C686 /* RMTabBarController.swift */; };
		1CF336EB2AFBC8090072C686 /* Assets.xcassets in Resources */ = {isa = PBXBuildFile; fileRef = 1CF336EA2AFBC8090072C686 /* Assets.xcassets */; };
		1CF336EE2AFBC8090072C686 /* LaunchScreen.storyboard in Resources */ = {isa = PBXBuildFile; fileRef = 1CF336EC2AFBC8090072C686 /* LaunchScreen.storyboard */; };
		1CF336FD2AFBD2880072C686 /* RMLocation.swift in Sources */ = {isa = PBXBuildFile; fileRef = 1CF336FC2AFBD2880072C686 /* RMLocation.swift */; };
		1CF336FF2AFBD2D30072C686 /* RMCharacter.swift in Sources */ = {isa = PBXBuildFile; fileRef = 1CF336FE2AFBD2D30072C686 /* RMCharacter.swift */; };
		1CF337012AFBD2F90072C686 /* RMEpisode.swift in Sources */ = {isa = PBXBuildFile; fileRef = 1CF337002AFBD2F90072C686 /* RMEpisode.swift */; };
		1CF337042AFBD51C0072C686 /* RMCharacterViewController.swift in Sources */ = {isa = PBXBuildFile; fileRef = 1CF337032AFBD51C0072C686 /* RMCharacterViewController.swift */; };
		1CF337062AFBD5760072C686 /* RMLocationViewController.swift in Sources */ = {isa = PBXBuildFile; fileRef = 1CF337052AFBD5760072C686 /* RMLocationViewController.swift */; };
		1CF337082AFBD5B00072C686 /* RMEpisodeViewController.swift in Sources */ = {isa = PBXBuildFile; fileRef = 1CF337072AFBD5B00072C686 /* RMEpisodeViewController.swift */; };
		1CF3370A2AFBD5E30072C686 /* RMSettingsViewController.swift in Sources */ = {isa = PBXBuildFile; fileRef = 1CF337092AFBD5E30072C686 /* RMSettingsViewController.swift */; };
		1CF3370C2AFBFA870072C686 /* RMService.swift in Sources */ = {isa = PBXBuildFile; fileRef = 1CF3370B2AFBFA870072C686 /* RMService.swift */; };
		1CF3370E2AFBFAD10072C686 /* RMRequest.swift in Sources */ = {isa = PBXBuildFile; fileRef = 1CF3370D2AFBFAD10072C686 /* RMRequest.swift */; };
		1CF337112AFBFC900072C686 /* RMEndpoint.swift in Sources */ = {isa = PBXBuildFile; fileRef = 1CF337102AFBFC900072C686 /* RMEndpoint.swift */; };
		1CF337132AFC11FA0072C686 /* RMOrigin.swift in Sources */ = {isa = PBXBuildFile; fileRef = 1CF337122AFC11FA0072C686 /* RMOrigin.swift */; };
		1CF337152AFC13060072C686 /* RMSingleLocation.swift in Sources */ = {isa = PBXBuildFile; fileRef = 1CF337142AFC13060072C686 /* RMSingleLocation.swift */; };
		1CF337172AFC15CB0072C686 /* RMCharacterStatus.swift in Sources */ = {isa = PBXBuildFile; fileRef = 1CF337162AFC15CB0072C686 /* RMCharacterStatus.swift */; };
		1CF337192AFC166A0072C686 /* RMCharacterGender.swift in Sources */ = {isa = PBXBuildFile; fileRef = 1CF337182AFC166A0072C686 /* RMCharacterGender.swift */; };
/* End PBXBuildFile section */

/* Begin PBXFileReference section */
		1CF336DE2AFBC8070072C686 /* RickAndMorty.app */ = {isa = PBXFileReference; explicitFileType = wrapper.application; includeInIndex = 0; path = RickAndMorty.app; sourceTree = BUILT_PRODUCTS_DIR; };
		1CF336E12AFBC8070072C686 /* AppDelegate.swift */ = {isa = PBXFileReference; lastKnownFileType = sourcecode.swift; path = AppDelegate.swift; sourceTree = "<group>"; };
		1CF336E32AFBC8070072C686 /* SceneDelegate.swift */ = {isa = PBXFileReference; lastKnownFileType = sourcecode.swift; path = SceneDelegate.swift; sourceTree = "<group>"; };
		1CF336E52AFBC8070072C686 /* RMTabBarController.swift */ = {isa = PBXFileReference; lastKnownFileType = sourcecode.swift; path = RMTabBarController.swift; sourceTree = "<group>"; };
		1CF336EA2AFBC8090072C686 /* Assets.xcassets */ = {isa = PBXFileReference; lastKnownFileType = folder.assetcatalog; path = Assets.xcassets; sourceTree = "<group>"; };
		1CF336ED2AFBC8090072C686 /* Base */ = {isa = PBXFileReference; lastKnownFileType = file.storyboard; name = Base; path = Base.lproj/LaunchScreen.storyboard; sourceTree = "<group>"; };
		1CF336EF2AFBC8090072C686 /* Info.plist */ = {isa = PBXFileReference; lastKnownFileType = text.plist.xml; path = Info.plist; sourceTree = "<group>"; };
		1CF336FC2AFBD2880072C686 /* RMLocation.swift */ = {isa = PBXFileReference; lastKnownFileType = sourcecode.swift; path = RMLocation.swift; sourceTree = "<group>"; };
		1CF336FE2AFBD2D30072C686 /* RMCharacter.swift */ = {isa = PBXFileReference; lastKnownFileType = sourcecode.swift; path = RMCharacter.swift; sourceTree = "<group>"; };
		1CF337002AFBD2F90072C686 /* RMEpisode.swift */ = {isa = PBXFileReference; lastKnownFileType = sourcecode.swift; path = RMEpisode.swift; sourceTree = "<group>"; };
		1CF337032AFBD51C0072C686 /* RMCharacterViewController.swift */ = {isa = PBXFileReference; lastKnownFileType = sourcecode.swift; path = RMCharacterViewController.swift; sourceTree = "<group>"; };
		1CF337052AFBD5760072C686 /* RMLocationViewController.swift */ = {isa = PBXFileReference; lastKnownFileType = sourcecode.swift; path = RMLocationViewController.swift; sourceTree = "<group>"; };
		1CF337072AFBD5B00072C686 /* RMEpisodeViewController.swift */ = {isa = PBXFileReference; lastKnownFileType = sourcecode.swift; path = RMEpisodeViewController.swift; sourceTree = "<group>"; };
		1CF337092AFBD5E30072C686 /* RMSettingsViewController.swift */ = {isa = PBXFileReference; lastKnownFileType = sourcecode.swift; path = RMSettingsViewController.swift; sourceTree = "<group>"; };
		1CF3370B2AFBFA870072C686 /* RMService.swift */ = {isa = PBXFileReference; lastKnownFileType = sourcecode.swift; path = RMService.swift; sourceTree = "<group>"; };
		1CF3370D2AFBFAD10072C686 /* RMRequest.swift */ = {isa = PBXFileReference; lastKnownFileType = sourcecode.swift; path = RMRequest.swift; sourceTree = "<group>"; };
		1CF337102AFBFC900072C686 /* RMEndpoint.swift */ = {isa = PBXFileReference; lastKnownFileType = sourcecode.swift; path = RMEndpoint.swift; sourceTree = "<group>"; };
		1CF337122AFC11FA0072C686 /* RMOrigin.swift */ = {isa = PBXFileReference; lastKnownFileType = sourcecode.swift; path = RMOrigin.swift; sourceTree = "<group>"; };
		1CF337142AFC13060072C686 /* RMSingleLocation.swift */ = {isa = PBXFileReference; lastKnownFileType = sourcecode.swift; path = RMSingleLocation.swift; sourceTree = "<group>"; };
		1CF337162AFC15CB0072C686 /* RMCharacterStatus.swift */ = {isa = PBXFileReference; lastKnownFileType = sourcecode.swift; path = RMCharacterStatus.swift; sourceTree = "<group>"; };
		1CF337182AFC166A0072C686 /* RMCharacterGender.swift */ = {isa = PBXFileReference; lastKnownFileType = sourcecode.swift; path = RMCharacterGender.swift; sourceTree = "<group>"; };
/* End PBXFileReference section */

/* Begin PBXFrameworksBuildPhase section */
		1CF336DB2AFBC8070072C686 /* Frameworks */ = {
			isa = PBXFrameworksBuildPhase;
			buildActionMask = 2147483647;
			files = (
			);
			runOnlyForDeploymentPostprocessing = 0;
		};
/* End PBXFrameworksBuildPhase section */

/* Begin PBXGroup section */
		1CF336D52AFBC8070072C686 = {
			isa = PBXGroup;
			children = (
				1CF336E02AFBC8070072C686 /* RickAndMorty */,
				1CF336DF2AFBC8070072C686 /* Products */,
			);
			sourceTree = "<group>";
		};
		1CF336DF2AFBC8070072C686 /* Products */ = {
			isa = PBXGroup;
			children = (
				1CF336DE2AFBC8070072C686 /* RickAndMorty.app */,
			);
			name = Products;
			sourceTree = "<group>";
		};
		1CF336E02AFBC8070072C686 /* RickAndMorty */ = {
			isa = PBXGroup;
			children = (
				1CF336FB2AFBD1A40072C686 /* Resources */,
				1CF336FA2AFBD18C0072C686 /* Managers */,
				1CF336F92AFBD0F90072C686 /* APIClient */,
				1CF336F82AFBD0B20072C686 /* ViewModels */,
				1CF336F72AFBD0990072C686 /* Views */,
				1CF336F62AFBD05F0072C686 /* Models */,
				1CF336F52AFBD00F0072C686 /* Controllers */,
				1CF336EF2AFBC8090072C686 /* Info.plist */,
			);
			path = RickAndMorty;
			sourceTree = "<group>";
		};
		1CF336F52AFBD00F0072C686 /* Controllers */ = {
			isa = PBXGroup;
			children = (
				1CF337022AFBD43B0072C686 /* Core */,
			);
			path = Controllers;
			sourceTree = "<group>";
		};
		1CF336F62AFBD05F0072C686 /* Models */ = {
			isa = PBXGroup;
			children = (
				1CF336FC2AFBD2880072C686 /* RMLocation.swift */,
				1CF336FE2AFBD2D30072C686 /* RMCharacter.swift */,
				1CF337002AFBD2F90072C686 /* RMEpisode.swift */,
				1CF337122AFC11FA0072C686 /* RMOrigin.swift */,
				1CF337142AFC13060072C686 /* RMSingleLocation.swift */,
				1CF337162AFC15CB0072C686 /* RMCharacterStatus.swift */,
				1CF337182AFC166A0072C686 /* RMCharacterGender.swift */,
			);
			path = Models;
			sourceTree = "<group>";
		};
		1CF336F72AFBD0990072C686 /* Views */ = {
			isa = PBXGroup;
			children = (
			);
			path = Views;
			sourceTree = "<group>";
		};
		1CF336F82AFBD0B20072C686 /* ViewModels */ = {
			isa = PBXGroup;
			children = (
			);
			path = ViewModels;
			sourceTree = "<group>";
		};
		1CF336F92AFBD0F90072C686 /* APIClient */ = {
			isa = PBXGroup;
			children = (
				1CF3370B2AFBFA870072C686 /* RMService.swift */,
				1CF3370D2AFBFAD10072C686 /* RMRequest.swift */,
				1CF337102AFBFC900072C686 /* RMEndpoint.swift */,
			);
			path = APIClient;
			sourceTree = "<group>";
		};
		1CF336FA2AFBD18C0072C686 /* Managers */ = {
			isa = PBXGroup;
			children = (
			);
			path = Managers;
			sourceTree = "<group>";
		};
		1CF336FB2AFBD1A40072C686 /* Resources */ = {
			isa = PBXGroup;
			children = (
				1CF336E12AFBC8070072C686 /* AppDelegate.swift */,
				1CF336E32AFBC8070072C686 /* SceneDelegate.swift */,
				1CF336EA2AFBC8090072C686 /* Assets.xcassets */,
				1CF336EC2AFBC8090072C686 /* LaunchScreen.storyboard */,
			);
			path = Resources;
			sourceTree = "<group>";
		};
		1CF337022AFBD43B0072C686 /* Core */ = {
			isa = PBXGroup;
			children = (
				1CF336E52AFBC8070072C686 /* RMTabBarController.swift */,
				1CF337032AFBD51C0072C686 /* RMCharacterViewController.swift */,
				1CF337052AFBD5760072C686 /* RMLocationViewController.swift */,
				1CF337072AFBD5B00072C686 /* RMEpisodeViewController.swift */,
				1CF337092AFBD5E30072C686 /* RMSettingsViewController.swift */,
			);
			path = Core;
			sourceTree = "<group>";
		};
/* End PBXGroup section */

/* Begin PBXNativeTarget section */
		1CF336DD2AFBC8070072C686 /* RickAndMorty */ = {
			isa = PBXNativeTarget;
			buildConfigurationList = 1CF336F22AFBC8090072C686 /* Build configuration list for PBXNativeTarget "RickAndMorty" */;
			buildPhases = (
				1CF336DA2AFBC8070072C686 /* Sources */,
				1CF336DB2AFBC8070072C686 /* Frameworks */,
				1CF336DC2AFBC8070072C686 /* Resources */,
			);
			buildRules = (
			);
			dependencies = (
			);
			name = RickAndMorty;
			productName = RickAndMorty;
			productReference = 1CF336DE2AFBC8070072C686 /* RickAndMorty.app */;
			productType = "com.apple.product-type.application";
		};
/* End PBXNativeTarget section */

/* Begin PBXProject section */
		1CF336D62AFBC8070072C686 /* Project object */ = {
			isa = PBXProject;
			attributes = {
				BuildIndependentTargetsInParallel = 1;
				LastSwiftUpdateCheck = 1500;
				LastUpgradeCheck = 1500;
				TargetAttributes = {
					1CF336DD2AFBC8070072C686 = {
						CreatedOnToolsVersion = 15.0.1;
					};
				};
			};
			buildConfigurationList = 1CF336D92AFBC8070072C686 /* Build configuration list for PBXProject "RickAndMorty" */;
			compatibilityVersion = "Xcode 14.0";
			developmentRegion = en;
			hasScannedForEncodings = 0;
			knownRegions = (
				en,
				Base,
			);
			mainGroup = 1CF336D52AFBC8070072C686;
			productRefGroup = 1CF336DF2AFBC8070072C686 /* Products */;
			projectDirPath = "";
			projectRoot = "";
			targets = (
				1CF336DD2AFBC8070072C686 /* RickAndMorty */,
			);
		};
/* End PBXProject section */

/* Begin PBXResourcesBuildPhase section */
		1CF336DC2AFBC8070072C686 /* Resources */ = {
			isa = PBXResourcesBuildPhase;
			buildActionMask = 2147483647;
			files = (
				1CF336EE2AFBC8090072C686 /* LaunchScreen.storyboard in Resources */,
				1CF336EB2AFBC8090072C686 /* Assets.xcassets in Resources */,
			);
			runOnlyForDeploymentPostprocessing = 0;
		};
/* End PBXResourcesBuildPhase section */

/* Begin PBXSourcesBuildPhase section */
		1CF336DA2AFBC8070072C686 /* Sources */ = {
			isa = PBXSourcesBuildPhase;
			buildActionMask = 2147483647;
			files = (
				1CF337132AFC11FA0072C686 /* RMOrigin.swift in Sources */,
				1CF337152AFC13060072C686 /* RMSingleLocation.swift in Sources */,
				1CF337172AFC15CB0072C686 /* RMCharacterStatus.swift in Sources */,
				1CF337192AFC166A0072C686 /* RMCharacterGender.swift in Sources */,
				1CF337062AFBD5760072C686 /* RMLocationViewController.swift in Sources */,
				1CF337012AFBD2F90072C686 /* RMEpisode.swift in Sources */,
				1CF336E62AFBC8070072C686 /* RMTabBarController.swift in Sources */,
				1CF337082AFBD5B00072C686 /* RMEpisodeViewController.swift in Sources */,
				1CF336E22AFBC8070072C686 /* AppDelegate.swift in Sources */,
				1CF336E42AFBC8070072C686 /* SceneDelegate.swift in Sources */,
				1CF3370A2AFBD5E30072C686 /* RMSettingsViewController.swift in Sources */,
				1CF3370C2AFBFA870072C686 /* RMService.swift in Sources */,
				1CF336FD2AFBD2880072C686 /* RMLocation.swift in Sources */,
				1CF337112AFBFC900072C686 /* RMEndpoint.swift in Sources */,
				1CF336FF2AFBD2D30072C686 /* RMCharacter.swift in Sources */,
				1CF3370E2AFBFAD10072C686 /* RMRequest.swift in Sources */,
				1CF337042AFBD51C0072C686 /* RMCharacterViewController.swift in Sources */,
			);
			runOnlyForDeploymentPostprocessing = 0;
		};
/* End PBXSourcesBuildPhase section */

/* Begin PBXVariantGroup section */
		1CF336EC2AFBC8090072C686 /* LaunchScreen.storyboard */ = {
			isa = PBXVariantGroup;
			children = (
				1CF336ED2AFBC8090072C686 /* Base */,
			);
			name = LaunchScreen.storyboard;
			sourceTree = "<group>";
		};
/* End PBXVariantGroup section */

/* Begin XCBuildConfiguration section */
		1CF336F02AFBC8090072C686 /* Debug */ = {
			isa = XCBuildConfiguration;
			buildSettings = {
				ALWAYS_SEARCH_USER_PATHS = NO;
				ASSETCATALOG_COMPILER_GENERATE_SWIFT_ASSET_SYMBOL_EXTENSIONS = YES;
				CLANG_ANALYZER_NONNULL = YES;
				CLANG_ANALYZER_NUMBER_OBJECT_CONVERSION = YES_AGGRESSIVE;
				CLANG_CXX_LANGUAGE_STANDARD = "gnu++20";
				CLANG_ENABLE_MODULES = YES;
				CLANG_ENABLE_OBJC_ARC = YES;
				CLANG_ENABLE_OBJC_WEAK = YES;
				CLANG_WARN_BLOCK_CAPTURE_AUTORELEASING = YES;
				CLANG_WARN_BOOL_CONVERSION = YES;
				CLANG_WARN_COMMA = YES;
				CLANG_WARN_CONSTANT_CONVERSION = YES;
				CLANG_WARN_DEPRECATED_OBJC_IMPLEMENTATIONS = YES;
				CLANG_WARN_DIRECT_OBJC_ISA_USAGE = YES_ERROR;
				CLANG_WARN_DOCUMENTATION_COMMENTS = YES;
				CLANG_WARN_EMPTY_BODY = YES;
				CLANG_WARN_ENUM_CONVERSION = YES;
				CLANG_WARN_INFINITE_RECURSION = YES;
				CLANG_WARN_INT_CONVERSION = YES;
				CLANG_WARN_NON_LITERAL_NULL_CONVERSION = YES;
				CLANG_WARN_OBJC_IMPLICIT_RETAIN_SELF = YES;
				CLANG_WARN_OBJC_LITERAL_CONVERSION = YES;
				CLANG_WARN_OBJC_ROOT_CLASS = YES_ERROR;
				CLANG_WARN_QUOTED_INCLUDE_IN_FRAMEWORK_HEADER = YES;
				CLANG_WARN_RANGE_LOOP_ANALYSIS = YES;
				CLANG_WARN_STRICT_PROTOTYPES = YES;
				CLANG_WARN_SUSPICIOUS_MOVE = YES;
				CLANG_WARN_UNGUARDED_AVAILABILITY = YES_AGGRESSIVE;
				CLANG_WARN_UNREACHABLE_CODE = YES;
				CLANG_WARN__DUPLICATE_METHOD_MATCH = YES;
				COPY_PHASE_STRIP = NO;
				DEBUG_INFORMATION_FORMAT = dwarf;
				ENABLE_STRICT_OBJC_MSGSEND = YES;
				ENABLE_TESTABILITY = YES;
				ENABLE_USER_SCRIPT_SANDBOXING = YES;
				GCC_C_LANGUAGE_STANDARD = gnu17;
				GCC_DYNAMIC_NO_PIC = NO;
				GCC_NO_COMMON_BLOCKS = YES;
				GCC_OPTIMIZATION_LEVEL = 0;
				GCC_PREPROCESSOR_DEFINITIONS = (
					"DEBUG=1",
					"$(inherited)",
				);
				GCC_WARN_64_TO_32_BIT_CONVERSION = YES;
				GCC_WARN_ABOUT_RETURN_TYPE = YES_ERROR;
				GCC_WARN_UNDECLARED_SELECTOR = YES;
				GCC_WARN_UNINITIALIZED_AUTOS = YES_AGGRESSIVE;
				GCC_WARN_UNUSED_FUNCTION = YES;
				GCC_WARN_UNUSED_VARIABLE = YES;
				IPHONEOS_DEPLOYMENT_TARGET = 17.0;
				LOCALIZATION_PREFERS_STRING_CATALOGS = YES;
				MTL_ENABLE_DEBUG_INFO = INCLUDE_SOURCE;
				MTL_FAST_MATH = YES;
				ONLY_ACTIVE_ARCH = YES;
				SDKROOT = iphoneos;
				SWIFT_ACTIVE_COMPILATION_CONDITIONS = "DEBUG $(inherited)";
				SWIFT_OPTIMIZATION_LEVEL = "-Onone";
			};
			name = Debug;
		};
		1CF336F12AFBC8090072C686 /* Release */ = {
			isa = XCBuildConfiguration;
			buildSettings = {
				ALWAYS_SEARCH_USER_PATHS = NO;
				ASSETCATALOG_COMPILER_GENERATE_SWIFT_ASSET_SYMBOL_EXTENSIONS = YES;
				CLANG_ANALYZER_NONNULL = YES;
				CLANG_ANALYZER_NUMBER_OBJECT_CONVERSION = YES_AGGRESSIVE;
				CLANG_CXX_LANGUAGE_STANDARD = "gnu++20";
				CLANG_ENABLE_MODULES = YES;
				CLANG_ENABLE_OBJC_ARC = YES;
				CLANG_ENABLE_OBJC_WEAK = YES;
				CLANG_WARN_BLOCK_CAPTURE_AUTORELEASING = YES;
				CLANG_WARN_BOOL_CONVERSION = YES;
				CLANG_WARN_COMMA = YES;
				CLANG_WARN_CONSTANT_CONVERSION = YES;
				CLANG_WARN_DEPRECATED_OBJC_IMPLEMENTATIONS = YES;
				CLANG_WARN_DIRECT_OBJC_ISA_USAGE = YES_ERROR;
				CLANG_WARN_DOCUMENTATION_COMMENTS = YES;
				CLANG_WARN_EMPTY_BODY = YES;
				CLANG_WARN_ENUM_CONVERSION = YES;
				CLANG_WARN_INFINITE_RECURSION = YES;
				CLANG_WARN_INT_CONVERSION = YES;
				CLANG_WARN_NON_LITERAL_NULL_CONVERSION = YES;
				CLANG_WARN_OBJC_IMPLICIT_RETAIN_SELF = YES;
				CLANG_WARN_OBJC_LITERAL_CONVERSION = YES;
				CLANG_WARN_OBJC_ROOT_CLASS = YES_ERROR;
				CLANG_WARN_QUOTED_INCLUDE_IN_FRAMEWORK_HEADER = YES;
				CLANG_WARN_RANGE_LOOP_ANALYSIS = YES;
				CLANG_WARN_STRICT_PROTOTYPES = YES;
				CLANG_WARN_SUSPICIOUS_MOVE = YES;
				CLANG_WARN_UNGUARDED_AVAILABILITY = YES_AGGRESSIVE;
				CLANG_WARN_UNREACHABLE_CODE = YES;
				CLANG_WARN__DUPLICATE_METHOD_MATCH = YES;
				COPY_PHASE_STRIP = NO;
				DEBUG_INFORMATION_FORMAT = "dwarf-with-dsym";
				ENABLE_NS_ASSERTIONS = NO;
				ENABLE_STRICT_OBJC_MSGSEND = YES;
				ENABLE_USER_SCRIPT_SANDBOXING = YES;
				GCC_C_LANGUAGE_STANDARD = gnu17;
				GCC_NO_COMMON_BLOCKS = YES;
				GCC_WARN_64_TO_32_BIT_CONVERSION = YES;
				GCC_WARN_ABOUT_RETURN_TYPE = YES_ERROR;
				GCC_WARN_UNDECLARED_SELECTOR = YES;
				GCC_WARN_UNINITIALIZED_AUTOS = YES_AGGRESSIVE;
				GCC_WARN_UNUSED_FUNCTION = YES;
				GCC_WARN_UNUSED_VARIABLE = YES;
				IPHONEOS_DEPLOYMENT_TARGET = 17.0;
				LOCALIZATION_PREFERS_STRING_CATALOGS = YES;
				MTL_ENABLE_DEBUG_INFO = NO;
				MTL_FAST_MATH = YES;
				SDKROOT = iphoneos;
				SWIFT_COMPILATION_MODE = wholemodule;
				VALIDATE_PRODUCT = YES;
			};
			name = Release;
		};
		1CF336F32AFBC8090072C686 /* Debug */ = {
			isa = XCBuildConfiguration;
			buildSettings = {
				ASSETCATALOG_COMPILER_APPICON_NAME = AppIcon;
				ASSETCATALOG_COMPILER_GLOBAL_ACCENT_COLOR_NAME = AccentColor;
				CODE_SIGN_STYLE = Automatic;
				CURRENT_PROJECT_VERSION = 1;
				DEVELOPMENT_TEAM = PR488Q8XFF;
				GENERATE_INFOPLIST_FILE = YES;
				INFOPLIST_FILE = RickAndMorty/Info.plist;
				INFOPLIST_KEY_UIApplicationSupportsIndirectInputEvents = YES;
				INFOPLIST_KEY_UILaunchStoryboardName = LaunchScreen;
				INFOPLIST_KEY_UISupportedInterfaceOrientations_iPad = "UIInterfaceOrientationPortrait UIInterfaceOrientationPortraitUpsideDown UIInterfaceOrientationLandscapeLeft UIInterfaceOrientationLandscapeRight";
				INFOPLIST_KEY_UISupportedInterfaceOrientations_iPhone = "UIInterfaceOrientationPortrait UIInterfaceOrientationLandscapeLeft UIInterfaceOrientationLandscapeRight";
				LD_RUNPATH_SEARCH_PATHS = (
					"$(inherited)",
					"@executable_path/Frameworks",
				);
				MARKETING_VERSION = 1.0;
				PRODUCT_BUNDLE_IDENTIFIER = com.rumeysaay.RickAndMorty;
				PRODUCT_NAME = "$(TARGET_NAME)";
				SWIFT_EMIT_LOC_STRINGS = YES;
				SWIFT_VERSION = 5.0;
				TARGETED_DEVICE_FAMILY = "1,2";
			};
			name = Debug;
		};
		1CF336F42AFBC8090072C686 /* Release */ = {
			isa = XCBuildConfiguration;
			buildSettings = {
				ASSETCATALOG_COMPILER_APPICON_NAME = AppIcon;
				ASSETCATALOG_COMPILER_GLOBAL_ACCENT_COLOR_NAME = AccentColor;
				CODE_SIGN_STYLE = Automatic;
				CURRENT_PROJECT_VERSION = 1;
				DEVELOPMENT_TEAM = PR488Q8XFF;
				GENERATE_INFOPLIST_FILE = YES;
				INFOPLIST_FILE = RickAndMorty/Info.plist;
				INFOPLIST_KEY_UIApplicationSupportsIndirectInputEvents = YES;
				INFOPLIST_KEY_UILaunchStoryboardName = LaunchScreen;
				INFOPLIST_KEY_UISupportedInterfaceOrientations_iPad = "UIInterfaceOrientationPortrait UIInterfaceOrientationPortraitUpsideDown UIInterfaceOrientationLandscapeLeft UIInterfaceOrientationLandscapeRight";
				INFOPLIST_KEY_UISupportedInterfaceOrientations_iPhone = "UIInterfaceOrientationPortrait UIInterfaceOrientationLandscapeLeft UIInterfaceOrientationLandscapeRight";
				LD_RUNPATH_SEARCH_PATHS = (
					"$(inherited)",
					"@executable_path/Frameworks",
				);
				MARKETING_VERSION = 1.0;
				PRODUCT_BUNDLE_IDENTIFIER = com.rumeysaay.RickAndMorty;
				PRODUCT_NAME = "$(TARGET_NAME)";
				SWIFT_EMIT_LOC_STRINGS = YES;
				SWIFT_VERSION = 5.0;
				TARGETED_DEVICE_FAMILY = "1,2";
			};
			name = Release;
		};
/* End XCBuildConfiguration section */

/* Begin XCConfigurationList section */
		1CF336D92AFBC8070072C686 /* Build configuration list for PBXProject "RickAndMorty" */ = {
			isa = XCConfigurationList;
			buildConfigurations = (
				1CF336F02AFBC8090072C686 /* Debug */,
				1CF336F12AFBC8090072C686 /* Release */,
			);
			defaultConfigurationIsVisible = 0;
			defaultConfigurationName = Release;
		};
		1CF336F22AFBC8090072C686 /* Build configuration list for PBXNativeTarget "RickAndMorty" */ = {
			isa = XCConfigurationList;
			buildConfigurations = (
				1CF336F32AFBC8090072C686 /* Debug */,
				1CF336F42AFBC8090072C686 /* Release */,
			);
			defaultConfigurationIsVisible = 0;
			defaultConfigurationName = Release;
		};
/* End XCConfigurationList section */
	};
	rootObject = 1CF336D62AFBC8070072C686 /* Project object */;
}
